PODS:
  - Crashlytics (3.12.0):
    - Fabric (~> 1.9.0)
  - Fabric (1.9.0)
  - LicensePlist (2.1.0)

DEPENDENCIES:
  - Crashlytics
  - Fabric
  - LicensePlist (~> 2.1.0)

SPEC REPOS:
  https://github.com/cocoapods/specs.git:
    - Crashlytics
    - Fabric
    - LicensePlist

SPEC CHECKSUMS:
  Crashlytics: 07fb167b1694128c1c9a5a5cc319b0e9c3ca0933
  Fabric: f988e33c97f08930a413e08123064d2e5f68d655
  LicensePlist: 304c23a2e9f484f3985b6b873db7ae32086279af

PODFILE CHECKSUM: ad2b6c6dfe8ee7694997d06092aface30993680f

COCOAPODS: 1.6.0
